
Microsoft Visual Studio Solution File, Format Version 12.00
# Visual Studio 15
VisualStudioVersion = 15.0.28307.2092
MinimumVisualStudioVersion = 10.0.40219.1
Project("{FAE04EC0-301F-11D3-BF4B-00C04F79EFBC}") = "NganHang", "WindowsFormsApp1\NganHang.csproj", "{359B4A89-FAE3-47A1-BBB7-581383B87A66}"
EndProject
Global
	GlobalSection(SolutionConfigurationPlatforms) = preSolution
		Debug|Any CPU = Debug|Any CPU
		Release|Any CPU = Release|Any CPU
	EndGlobalSection
	GlobalSection(ProjectConfigurationPlatforms) = postSolution
		{359B4A89-FAE3-47A1-BBB7-581383B87A66}.Debug|Any CPU.ActiveCfg = Debug|Any CPU
		{359B4A89-FAE3-47A1-BBB7-581383B87A66}.Debug|Any CPU.Build.0 = Debug|Any CPU
		{359B4A89-FAE3-47A1-BBB7-581383B87A66}.Release|Any CPU.ActiveCfg = Release|Any CPU
		{359B4A89-FAE3-47A1-BBB7-581383B87A66}.Release|Any CPU.Build.0 = Release|Any CPU
	EndGlobalSection
	GlobalSection(SolutionProperties) = preSolution
		HideSolutionNode = FALSE
	EndGlobalSection
	GlobalSection(ExtensibilityGlobals) = postSolution
		SolutionGuid = {9E8FDA82-6D9E-4839-B404-22C56F80ED1F}
	EndGlobalSection
EndGlobal
