
Microsoft Visual Studio Solution File, Format Version 12.00
# Visual Studio 15
VisualStudioVersion = 15.0.28307.2092
MinimumVisualStudioVersion = 10.0.40219.1
Project("{FAE04EC0-301F-11D3-BF4B-00C04F79EFBC}") = "QLNSA", "QLNSA\QLNSA.csproj", "{379774A3-899A-4ECC-A866-6E0C6EA9BD90}"
EndProject
Global
	GlobalSection(SolutionConfigurationPlatforms) = preSolution
		Debug|Any CPU = Debug|Any CPU
		Release|Any CPU = Release|Any CPU
	EndGlobalSection
	GlobalSection(ProjectConfigurationPlatforms) = postSolution
		{379774A3-899A-4ECC-A866-6E0C6EA9BD90}.Debug|Any CPU.ActiveCfg = Debug|Any CPU
		{379774A3-899A-4ECC-A866-6E0C6EA9BD90}.Debug|Any CPU.Build.0 = Debug|Any CPU
		{379774A3-899A-4ECC-A866-6E0C6EA9BD90}.Release|Any CPU.ActiveCfg = Release|Any CPU
		{379774A3-899A-4ECC-A866-6E0C6EA9BD90}.Release|Any CPU.Build.0 = Release|Any CPU
	EndGlobalSection
	GlobalSection(SolutionProperties) = preSolution
		HideSolutionNode = FALSE
	EndGlobalSection
	GlobalSection(ExtensibilityGlobals) = postSolution
		SolutionGuid = {49EC5D6B-E387-4AAC-8FB9-BEDFC432F5D6}
	EndGlobalSection
EndGlobal
