
Microsoft Visual Studio Solution File, Format Version 12.00
# Visual Studio 15
VisualStudioVersion = 15.0.28307.2092
MinimumVisualStudioVersion = 10.0.40219.1
Project("{FAE04EC0-301F-11D3-BF4B-00C04F79EFBC}") = "NganHang", "NganHang\NganHang.csproj", "{FC43DA6C-7253-408B-8591-69AA6DE51D55}"
EndProject
Global
	GlobalSection(SolutionConfigurationPlatforms) = preSolution
		Debug|Any CPU = Debug|Any CPU
		Release|Any CPU = Release|Any CPU
	EndGlobalSection
	GlobalSection(ProjectConfigurationPlatforms) = postSolution
		{FC43DA6C-7253-408B-8591-69AA6DE51D55}.Debug|Any CPU.ActiveCfg = Debug|Any CPU
		{FC43DA6C-7253-408B-8591-69AA6DE51D55}.Debug|Any CPU.Build.0 = Debug|Any CPU
		{FC43DA6C-7253-408B-8591-69AA6DE51D55}.Release|Any CPU.ActiveCfg = Release|Any CPU
		{FC43DA6C-7253-408B-8591-69AA6DE51D55}.Release|Any CPU.Build.0 = Release|Any CPU
	EndGlobalSection
	GlobalSection(SolutionProperties) = preSolution
		HideSolutionNode = FALSE
	EndGlobalSection
	GlobalSection(ExtensibilityGlobals) = postSolution
		SolutionGuid = {E133B326-B881-46E2-A9DF-A30DE7786A71}
	EndGlobalSection
EndGlobal
