
Microsoft Visual Studio Solution File, Format Version 12.00
# Visual Studio Version 17
VisualStudioVersion = 17.2.32630.192
MinimumVisualStudioVersion = 10.0.40219.1
Project("{FAE04EC0-301F-11D3-BF4B-00C04F79EFBC}") = "tcp_client", "tcp_client\tcp_client.csproj", "{287C3EFF-ED93-40C6-AE34-3CC450853858}"
EndProject
Global
	GlobalSection(SolutionConfigurationPlatforms) = preSolution
		Debug|Any CPU = Debug|Any CPU
		Release|Any CPU = Release|Any CPU
	EndGlobalSection
	GlobalSection(ProjectConfigurationPlatforms) = postSolution
		{287C3EFF-ED93-40C6-AE34-3CC450853858}.Debug|Any CPU.ActiveCfg = Debug|Any CPU
		{287C3EFF-ED93-40C6-AE34-3CC450853858}.Debug|Any CPU.Build.0 = Debug|Any CPU
		{287C3EFF-ED93-40C6-AE34-3CC450853858}.Release|Any CPU.ActiveCfg = Release|Any CPU
		{287C3EFF-ED93-40C6-AE34-3CC450853858}.Release|Any CPU.Build.0 = Release|Any CPU
	EndGlobalSection
	GlobalSection(SolutionProperties) = preSolution
		HideSolutionNode = FALSE
	EndGlobalSection
	GlobalSection(ExtensibilityGlobals) = postSolution
		SolutionGuid = {1F4050B8-558E-438D-9B95-2BB7768EF095}
	EndGlobalSection
EndGlobal
